// !$*UTF8*$!
{
	archiveVersion = 1;
	classes = {
	};
	objectVersion = 56;
	objects = {

/* Begin PBXBuildFile section */
		4E0C0AE3297ED0B600B3312F /* SettingsView.swift in Sources */ = {isa = PBXBuildFile; fileRef = 4E0C0AE2297ED0B600B3312F /* SettingsView.swift */; };
		4E0C0AE5297ED11F00B3312F /* SavedMessages.swift in Sources */ = {isa = PBXBuildFile; fileRef = 4E0C0AE4297ED11F00B3312F /* SavedMessages.swift */; };
		4E0C0AE7297EE46900B3312F /* CardModel.swift in Sources */ = {isa = PBXBuildFile; fileRef = 4E0C0AE6297EE46900B3312F /* CardModel.swift */; };
		4E0C0AE9297EE4FD00B3312F /* CardsViewModel.swift in Sources */ = {isa = PBXBuildFile; fileRef = 4E0C0AE8297EE4FD00B3312F /* CardsViewModel.swift */; };
		4E22064629718CF000669FC3 /* PersonView.swift in Sources */ = {isa = PBXBuildFile; fileRef = 4E22064529718CF000669FC3 /* PersonView.swift */; };
		4E2206482971B5E400669FC3 /* PeopleViewModel.swift in Sources */ = {isa = PBXBuildFile; fileRef = 4E2206472971B5E400669FC3 /* PeopleViewModel.swift */; };
		4E4F84262976EDC300DDC3C2 /* GeneatorViewModel.swift in Sources */ = {isa = PBXBuildFile; fileRef = 4E4F84252976EDC300DDC3C2 /* GeneatorViewModel.swift */; };
		4E694846297846D000853D85 /* GPT3View.swift in Sources */ = {isa = PBXBuildFile; fileRef = 4E694845297846D000853D85 /* GPT3View.swift */; };
		4E93D0582970CB3400349128 /* heftApp.swift in Sources */ = {isa = PBXBuildFile; fileRef = 4E93D0572970CB3400349128 /* heftApp.swift */; };
		4E93D05A2970CB3400349128 /* PeopleView.swift in Sources */ = {isa = PBXBuildFile; fileRef = 4E93D0592970CB3400349128 /* PeopleView.swift */; };
		4E93D05C2970CB3500349128 /* Assets.xcassets in Resources */ = {isa = PBXBuildFile; fileRef = 4E93D05B2970CB3500349128 /* Assets.xcassets */; };
		4E93D05F2970CB3500349128 /* Preview Assets.xcassets in Resources */ = {isa = PBXBuildFile; fileRef = 4E93D05E2970CB3500349128 /* Preview Assets.xcassets */; };
		4E93D0682970CB8D00349128 /* AddPersonView.swift in Sources */ = {isa = PBXBuildFile; fileRef = 4E93D0672970CB8D00349128 /* AddPersonView.swift */; };
		4E93D06A2970CBE300349128 /* PersonModel.swift in Sources */ = {isa = PBXBuildFile; fileRef = 4E93D0692970CBE300349128 /* PersonModel.swift */; };
		4E93D06E2970D2F000349128 /* TodayView.swift in Sources */ = {isa = PBXBuildFile; fileRef = 4E93D06D2970D2F000349128 /* TodayView.swift */; };
		4E93D0702970D44A00349128 /* ContentView.swift in Sources */ = {isa = PBXBuildFile; fileRef = 4E93D06F2970D44A00349128 /* ContentView.swift */; };
		4EBF10B72979621200777729 /* APIKey.swift in Sources */ = {isa = PBXBuildFile; fileRef = 4EBF10B62979621200777729 /* APIKey.swift */; };
		4ED02B02298044BE0010FFF9 /* ListSavedMessageView.swift in Sources */ = {isa = PBXBuildFile; fileRef = 4ED02B01298044BE0010FFF9 /* ListSavedMessageView.swift */; };
		D98CE7D32978B4B6009CE94D /* TodayCard.swift in Sources */ = {isa = PBXBuildFile; fileRef = D98CE7D22978B4B6009CE94D /* TodayCard.swift */; };
		D9A7A24529811B450037B61C /* Heft.xcdatamodeld in Sources */ = {isa = PBXBuildFile; fileRef = D9A7A24329811B450037B61C /* Heft.xcdatamodeld */; };
		D9A7A24829811C1B0037B61C /* Person+CoreDataClass.swift in Sources */ = {isa = PBXBuildFile; fileRef = D9A7A24629811C1B0037B61C /* Person+CoreDataClass.swift */; };
		D9A7A24929811C1B0037B61C /* Person+CoreDataProperties.swift in Sources */ = {isa = PBXBuildFile; fileRef = D9A7A24729811C1B0037B61C /* Person+CoreDataProperties.swift */; };
		D9A7A24B29811CAC0037B61C /* DataController.swift in Sources */ = {isa = PBXBuildFile; fileRef = D9A7A24A29811CAC0037B61C /* DataController.swift */; };
		D9A7A26D2982D15A0037B61C /* Card+CoreDataClass.swift in Sources */ = {isa = PBXBuildFile; fileRef = D9A7A26B2982D15A0037B61C /* Card+CoreDataClass.swift */; };
		D9A7A26E2982D15A0037B61C /* Card+CoreDataProperties.swift in Sources */ = {isa = PBXBuildFile; fileRef = D9A7A26C2982D15A0037B61C /* Card+CoreDataProperties.swift */; };
/* End PBXBuildFile section */

/* Begin PBXFileReference section */
		4E0C0AE2297ED0B600B3312F /* SettingsView.swift */ = {isa = PBXFileReference; lastKnownFileType = sourcecode.swift; path = SettingsView.swift; sourceTree = "<group>"; };
		4E0C0AE4297ED11F00B3312F /* SavedMessages.swift */ = {isa = PBXFileReference; lastKnownFileType = sourcecode.swift; path = SavedMessages.swift; sourceTree = "<group>"; };
		4E0C0AE6297EE46900B3312F /* CardModel.swift */ = {isa = PBXFileReference; lastKnownFileType = sourcecode.swift; path = CardModel.swift; sourceTree = "<group>"; };
		4E0C0AE8297EE4FD00B3312F /* CardsViewModel.swift */ = {isa = PBXFileReference; lastKnownFileType = sourcecode.swift; path = CardsViewModel.swift; sourceTree = "<group>"; };
		4E22064529718CF000669FC3 /* PersonView.swift */ = {isa = PBXFileReference; lastKnownFileType = sourcecode.swift; path = PersonView.swift; sourceTree = "<group>"; };
		4E2206472971B5E400669FC3 /* PeopleViewModel.swift */ = {isa = PBXFileReference; lastKnownFileType = sourcecode.swift; path = PeopleViewModel.swift; sourceTree = "<group>"; };
		4E4F84252976EDC300DDC3C2 /* GeneatorViewModel.swift */ = {isa = PBXFileReference; lastKnownFileType = sourcecode.swift; path = GeneatorViewModel.swift; sourceTree = "<group>"; };
		4E694845297846D000853D85 /* GPT3View.swift */ = {isa = PBXFileReference; lastKnownFileType = sourcecode.swift; path = GPT3View.swift; sourceTree = "<group>"; };
		4E93D0542970CB3400349128 /* heft.app */ = {isa = PBXFileReference; explicitFileType = wrapper.application; includeInIndex = 0; path = heft.app; sourceTree = BUILT_PRODUCTS_DIR; };
		4E93D0572970CB3400349128 /* heftApp.swift */ = {isa = PBXFileReference; lastKnownFileType = sourcecode.swift; path = heftApp.swift; sourceTree = "<group>"; };
		4E93D0592970CB3400349128 /* PeopleView.swift */ = {isa = PBXFileReference; lastKnownFileType = sourcecode.swift; path = PeopleView.swift; sourceTree = "<group>"; };
		4E93D05B2970CB3500349128 /* Assets.xcassets */ = {isa = PBXFileReference; lastKnownFileType = folder.assetcatalog; path = Assets.xcassets; sourceTree = "<group>"; };
		4E93D05E2970CB3500349128 /* Preview Assets.xcassets */ = {isa = PBXFileReference; lastKnownFileType = folder.assetcatalog; path = "Preview Assets.xcassets"; sourceTree = "<group>"; };
		4E93D0672970CB8D00349128 /* AddPersonView.swift */ = {isa = PBXFileReference; lastKnownFileType = sourcecode.swift; path = AddPersonView.swift; sourceTree = "<group>"; };
		4E93D0692970CBE300349128 /* PersonModel.swift */ = {isa = PBXFileReference; lastKnownFileType = sourcecode.swift; path = PersonModel.swift; sourceTree = "<group>"; };
		4E93D06D2970D2F000349128 /* TodayView.swift */ = {isa = PBXFileReference; lastKnownFileType = sourcecode.swift; path = TodayView.swift; sourceTree = "<group>"; };
		4E93D06F2970D44A00349128 /* ContentView.swift */ = {isa = PBXFileReference; lastKnownFileType = sourcecode.swift; path = ContentView.swift; sourceTree = "<group>"; };
		4EBF10B62979621200777729 /* APIKey.swift */ = {isa = PBXFileReference; lastKnownFileType = sourcecode.swift; path = APIKey.swift; sourceTree = "<group>"; };
		4ED02B01298044BE0010FFF9 /* ListSavedMessageView.swift */ = {isa = PBXFileReference; lastKnownFileType = sourcecode.swift; path = ListSavedMessageView.swift; sourceTree = "<group>"; };
		D98CE7D22978B4B6009CE94D /* TodayCard.swift */ = {isa = PBXFileReference; lastKnownFileType = sourcecode.swift; path = TodayCard.swift; sourceTree = "<group>"; };
		D9A7A24429811B450037B61C /* Heft.xcdatamodel */ = {isa = PBXFileReference; lastKnownFileType = wrapper.xcdatamodel; path = Heft.xcdatamodel; sourceTree = "<group>"; };
		D9A7A24629811C1B0037B61C /* Person+CoreDataClass.swift */ = {isa = PBXFileReference; lastKnownFileType = sourcecode.swift; path = "Person+CoreDataClass.swift"; sourceTree = "<group>"; };
		D9A7A24729811C1B0037B61C /* Person+CoreDataProperties.swift */ = {isa = PBXFileReference; lastKnownFileType = sourcecode.swift; path = "Person+CoreDataProperties.swift"; sourceTree = "<group>"; };
		D9A7A24A29811CAC0037B61C /* DataController.swift */ = {isa = PBXFileReference; lastKnownFileType = sourcecode.swift; path = DataController.swift; sourceTree = "<group>"; };
		D9A7A26B2982D15A0037B61C /* Card+CoreDataClass.swift */ = {isa = PBXFileReference; lastKnownFileType = sourcecode.swift; path = "Card+CoreDataClass.swift"; sourceTree = SOURCE_ROOT; };
		D9A7A26C2982D15A0037B61C /* Card+CoreDataProperties.swift */ = {isa = PBXFileReference; lastKnownFileType = sourcecode.swift; path = "Card+CoreDataProperties.swift"; sourceTree = SOURCE_ROOT; };
/* End PBXFileReference section */

/* Begin PBXFrameworksBuildPhase section */
		4E93D0512970CB3400349128 /* Frameworks */ = {
			isa = PBXFrameworksBuildPhase;
			buildActionMask = 2147483647;
			files = (
			);
			runOnlyForDeploymentPostprocessing = 0;
		};
/* End PBXFrameworksBuildPhase section */

/* Begin PBXGroup section */
		4E0C0AEA297EE73200B3312F /* Card */ = {
			isa = PBXGroup;
			children = (
				4E0C0AE6297EE46900B3312F /* CardModel.swift */,
				4E0C0AE8297EE4FD00B3312F /* CardsViewModel.swift */,
				4E4F84252976EDC300DDC3C2 /* GeneatorViewModel.swift */,
				4EBF10B62979621200777729 /* APIKey.swift */,
			);
			path = Card;
			sourceTree = "<group>";
		};
		4E93D04B2970CB3400349128 = {
			isa = PBXGroup;
			children = (
				4E93D0562970CB3400349128 /* heft */,
				4E93D0552970CB3400349128 /* Products */,
			);
			sourceTree = "<group>";
		};
		4E93D0552970CB3400349128 /* Products */ = {
			isa = PBXGroup;
			children = (
				4E93D0542970CB3400349128 /* heft.app */,
			);
			name = Products;
			sourceTree = "<group>";
		};
		4E93D0562970CB3400349128 /* heft */ = {
			isa = PBXGroup;
			children = (
				D9A7A26B2982D15A0037B61C /* Card+CoreDataClass.swift */,
				D9A7A26C2982D15A0037B61C /* Card+CoreDataProperties.swift */,
				D9A7A24629811C1B0037B61C /* Person+CoreDataClass.swift */,
				D9A7A24729811C1B0037B61C /* Person+CoreDataProperties.swift */,
				4E93D0572970CB3400349128 /* heftApp.swift */,
				D9A7A24A29811CAC0037B61C /* DataController.swift */,
				4E93D06F2970D44A00349128 /* ContentView.swift */,
				4E93D06B2970CC1E00349128 /* Views */,
				4E93D06C2970CC2600349128 /* Model */,
				4E0C0AEA297EE73200B3312F /* Card */,
				4E93D05B2970CB3500349128 /* Assets.xcassets */,
				4E93D05D2970CB3500349128 /* Preview Content */,
			);
			path = heft;
			sourceTree = "<group>";
		};
		4E93D05D2970CB3500349128 /* Preview Content */ = {
			isa = PBXGroup;
			children = (
				4E93D05E2970CB3500349128 /* Preview Assets.xcassets */,
			);
			path = "Preview Content";
			sourceTree = "<group>";
		};
		4E93D06B2970CC1E00349128 /* Views */ = {
			isa = PBXGroup;
			children = (
				D9A7A24329811B450037B61C /* Heft.xcdatamodeld */,
				4E93D06D2970D2F000349128 /* TodayView.swift */,
				D98CE7D22978B4B6009CE94D /* TodayCard.swift */,
				4E22064529718CF000669FC3 /* PersonView.swift */,
				4E93D0592970CB3400349128 /* PeopleView.swift */,
				4E93D0672970CB8D00349128 /* AddPersonView.swift */,
				4E694845297846D000853D85 /* GPT3View.swift */,
				4E0C0AE4297ED11F00B3312F /* SavedMessages.swift */,
				4E0C0AE2297ED0B600B3312F /* SettingsView.swift */,
				4ED02B01298044BE0010FFF9 /* ListSavedMessageView.swift */,
			);
			path = Views;
			sourceTree = "<group>";
		};
		4E93D06C2970CC2600349128 /* Model */ = {
			isa = PBXGroup;
			children = (
				4E93D0692970CBE300349128 /* PersonModel.swift */,
				4E2206472971B5E400669FC3 /* PeopleViewModel.swift */,
			);
			path = Model;
			sourceTree = "<group>";
		};
/* End PBXGroup section */

/* Begin PBXNativeTarget section */
		4E93D0532970CB3400349128 /* heft */ = {
			isa = PBXNativeTarget;
			buildConfigurationList = 4E93D0622970CB3500349128 /* Build configuration list for PBXNativeTarget "heft" */;
			buildPhases = (
				4E93D0502970CB3400349128 /* Sources */,
				4E93D0512970CB3400349128 /* Frameworks */,
				4E93D0522970CB3400349128 /* Resources */,
			);
			buildRules = (
			);
			dependencies = (
			);
			name = heft;
			productName = heft;
			productReference = 4E93D0542970CB3400349128 /* heft.app */;
			productType = "com.apple.product-type.application";
		};
/* End PBXNativeTarget section */

/* Begin PBXProject section */
		4E93D04C2970CB3400349128 /* Project object */ = {
			isa = PBXProject;
			attributes = {
				BuildIndependentTargetsInParallel = 1;
				LastSwiftUpdateCheck = 1410;
				LastUpgradeCheck = 1410;
				TargetAttributes = {
					4E93D0532970CB3400349128 = {
						CreatedOnToolsVersion = 14.1;
					};
				};
			};
			buildConfigurationList = 4E93D04F2970CB3400349128 /* Build configuration list for PBXProject "heft" */;
			compatibilityVersion = "Xcode 14.0";
			developmentRegion = en;
			hasScannedForEncodings = 0;
			knownRegions = (
				en,
				Base,
			);
			mainGroup = 4E93D04B2970CB3400349128;
			productRefGroup = 4E93D0552970CB3400349128 /* Products */;
			projectDirPath = "";
			projectRoot = "";
			targets = (
				4E93D0532970CB3400349128 /* heft */,
			);
		};
/* End PBXProject section */

/* Begin PBXResourcesBuildPhase section */
		4E93D0522970CB3400349128 /* Resources */ = {
			isa = PBXResourcesBuildPhase;
			buildActionMask = 2147483647;
			files = (
				4E93D05F2970CB3500349128 /* Preview Assets.xcassets in Resources */,
				4E93D05C2970CB3500349128 /* Assets.xcassets in Resources */,
			);
			runOnlyForDeploymentPostprocessing = 0;
		};
/* End PBXResourcesBuildPhase section */

/* Begin PBXSourcesBuildPhase section */
		4E93D0502970CB3400349128 /* Sources */ = {
			isa = PBXSourcesBuildPhase;
			buildActionMask = 2147483647;
			files = (
				D9A7A24529811B450037B61C /* Heft.xcdatamodeld in Sources */,
				D9A7A24829811C1B0037B61C /* Person+CoreDataClass.swift in Sources */,
				D98CE7D32978B4B6009CE94D /* TodayCard.swift in Sources */,
				4E93D05A2970CB3400349128 /* PeopleView.swift in Sources */,
				4E93D06E2970D2F000349128 /* TodayView.swift in Sources */,
				4E93D0702970D44A00349128 /* ContentView.swift in Sources */,
				4E93D0582970CB3400349128 /* heftApp.swift in Sources */,
				D9A7A24B29811CAC0037B61C /* DataController.swift in Sources */,
				4E93D0682970CB8D00349128 /* AddPersonView.swift in Sources */,
				4E0C0AE9297EE4FD00B3312F /* CardsViewModel.swift in Sources */,
				4E93D06A2970CBE300349128 /* PersonModel.swift in Sources */,
				4ED02B02298044BE0010FFF9 /* ListSavedMessageView.swift in Sources */,
				4E0C0AE7297EE46900B3312F /* CardModel.swift in Sources */,
				D9A7A26D2982D15A0037B61C /* Card+CoreDataClass.swift in Sources */,
				4E694846297846D000853D85 /* GPT3View.swift in Sources */,
				4E0C0AE5297ED11F00B3312F /* SavedMessages.swift in Sources */,
				4E4F84262976EDC300DDC3C2 /* GeneatorViewModel.swift in Sources */,
				4E2206482971B5E400669FC3 /* PeopleViewModel.swift in Sources */,
				D9A7A24929811C1B0037B61C /* Person+CoreDataProperties.swift in Sources */,
				4EBF10B72979621200777729 /* APIKey.swift in Sources */,
				D9A7A26E2982D15A0037B61C /* Card+CoreDataProperties.swift in Sources */,
				4E22064629718CF000669FC3 /* PersonView.swift in Sources */,
				4E0C0AE3297ED0B600B3312F /* SettingsView.swift in Sources */,
			);
			runOnlyForDeploymentPostprocessing = 0;
		};
/* End PBXSourcesBuildPhase section */

/* Begin XCBuildConfiguration section */
		4E93D0602970CB3500349128 /* Debug */ = {
			isa = XCBuildConfiguration;
			buildSettings = {
				ALWAYS_SEARCH_USER_PATHS = NO;
				CLANG_ANALYZER_NONNULL = YES;
				CLANG_ANALYZER_NUMBER_OBJECT_CONVERSION = YES_AGGRESSIVE;
				CLANG_CXX_LANGUAGE_STANDARD = "gnu++20";
				CLANG_ENABLE_MODULES = YES;
				CLANG_ENABLE_OBJC_ARC = YES;
				CLANG_ENABLE_OBJC_WEAK = YES;
				CLANG_WARN_BLOCK_CAPTURE_AUTORELEASING = YES;
				CLANG_WARN_BOOL_CONVERSION = YES;
				CLANG_WARN_COMMA = YES;
				CLANG_WARN_CONSTANT_CONVERSION = YES;
				CLANG_WARN_DEPRECATED_OBJC_IMPLEMENTATIONS = YES;
				CLANG_WARN_DIRECT_OBJC_ISA_USAGE = YES_ERROR;
				CLANG_WARN_DOCUMENTATION_COMMENTS = YES;
				CLANG_WARN_EMPTY_BODY = YES;
				CLANG_WARN_ENUM_CONVERSION = YES;
				CLANG_WARN_INFINITE_RECURSION = YES;
				CLANG_WARN_INT_CONVERSION = YES;
				CLANG_WARN_NON_LITERAL_NULL_CONVERSION = YES;
				CLANG_WARN_OBJC_IMPLICIT_RETAIN_SELF = YES;
				CLANG_WARN_OBJC_LITERAL_CONVERSION = YES;
				CLANG_WARN_OBJC_ROOT_CLASS = YES_ERROR;
				CLANG_WARN_QUOTED_INCLUDE_IN_FRAMEWORK_HEADER = YES;
				CLANG_WARN_RANGE_LOOP_ANALYSIS = YES;
				CLANG_WARN_STRICT_PROTOTYPES = YES;
				CLANG_WARN_SUSPICIOUS_MOVE = YES;
				CLANG_WARN_UNGUARDED_AVAILABILITY = YES_AGGRESSIVE;
				CLANG_WARN_UNREACHABLE_CODE = YES;
				CLANG_WARN__DUPLICATE_METHOD_MATCH = YES;
				COPY_PHASE_STRIP = NO;
				DEBUG_INFORMATION_FORMAT = dwarf;
				ENABLE_STRICT_OBJC_MSGSEND = YES;
				ENABLE_TESTABILITY = YES;
				GCC_C_LANGUAGE_STANDARD = gnu11;
				GCC_DYNAMIC_NO_PIC = NO;
				GCC_NO_COMMON_BLOCKS = YES;
				GCC_OPTIMIZATION_LEVEL = 0;
				GCC_PREPROCESSOR_DEFINITIONS = (
					"DEBUG=1",
					"$(inherited)",
				);
				GCC_WARN_64_TO_32_BIT_CONVERSION = YES;
				GCC_WARN_ABOUT_RETURN_TYPE = YES_ERROR;
				GCC_WARN_UNDECLARED_SELECTOR = YES;
				GCC_WARN_UNINITIALIZED_AUTOS = YES_AGGRESSIVE;
				GCC_WARN_UNUSED_FUNCTION = YES;
				GCC_WARN_UNUSED_VARIABLE = YES;
				IPHONEOS_DEPLOYMENT_TARGET = 16.1;
				MTL_ENABLE_DEBUG_INFO = INCLUDE_SOURCE;
				MTL_FAST_MATH = YES;
				ONLY_ACTIVE_ARCH = YES;
				SDKROOT = iphoneos;
				SWIFT_ACTIVE_COMPILATION_CONDITIONS = DEBUG;
				SWIFT_OPTIMIZATION_LEVEL = "-Onone";
			};
			name = Debug;
		};
		4E93D0612970CB3500349128 /* Release */ = {
			isa = XCBuildConfiguration;
			buildSettings = {
				ALWAYS_SEARCH_USER_PATHS = NO;
				CLANG_ANALYZER_NONNULL = YES;
				CLANG_ANALYZER_NUMBER_OBJECT_CONVERSION = YES_AGGRESSIVE;
				CLANG_CXX_LANGUAGE_STANDARD = "gnu++20";
				CLANG_ENABLE_MODULES = YES;
				CLANG_ENABLE_OBJC_ARC = YES;
				CLANG_ENABLE_OBJC_WEAK = YES;
				CLANG_WARN_BLOCK_CAPTURE_AUTORELEASING = YES;
				CLANG_WARN_BOOL_CONVERSION = YES;
				CLANG_WARN_COMMA = YES;
				CLANG_WARN_CONSTANT_CONVERSION = YES;
				CLANG_WARN_DEPRECATED_OBJC_IMPLEMENTATIONS = YES;
				CLANG_WARN_DIRECT_OBJC_ISA_USAGE = YES_ERROR;
				CLANG_WARN_DOCUMENTATION_COMMENTS = YES;
				CLANG_WARN_EMPTY_BODY = YES;
				CLANG_WARN_ENUM_CONVERSION = YES;
				CLANG_WARN_INFINITE_RECURSION = YES;
				CLANG_WARN_INT_CONVERSION = YES;
				CLANG_WARN_NON_LITERAL_NULL_CONVERSION = YES;
				CLANG_WARN_OBJC_IMPLICIT_RETAIN_SELF = YES;
				CLANG_WARN_OBJC_LITERAL_CONVERSION = YES;
				CLANG_WARN_OBJC_ROOT_CLASS = YES_ERROR;
				CLANG_WARN_QUOTED_INCLUDE_IN_FRAMEWORK_HEADER = YES;
				CLANG_WARN_RANGE_LOOP_ANALYSIS = YES;
				CLANG_WARN_STRICT_PROTOTYPES = YES;
				CLANG_WARN_SUSPICIOUS_MOVE = YES;
				CLANG_WARN_UNGUARDED_AVAILABILITY = YES_AGGRESSIVE;
				CLANG_WARN_UNREACHABLE_CODE = YES;
				CLANG_WARN__DUPLICATE_METHOD_MATCH = YES;
				COPY_PHASE_STRIP = NO;
				DEBUG_INFORMATION_FORMAT = "dwarf-with-dsym";
				ENABLE_NS_ASSERTIONS = NO;
				ENABLE_STRICT_OBJC_MSGSEND = YES;
				GCC_C_LANGUAGE_STANDARD = gnu11;
				GCC_NO_COMMON_BLOCKS = YES;
				GCC_WARN_64_TO_32_BIT_CONVERSION = YES;
				GCC_WARN_ABOUT_RETURN_TYPE = YES_ERROR;
				GCC_WARN_UNDECLARED_SELECTOR = YES;
				GCC_WARN_UNINITIALIZED_AUTOS = YES_AGGRESSIVE;
				GCC_WARN_UNUSED_FUNCTION = YES;
				GCC_WARN_UNUSED_VARIABLE = YES;
				IPHONEOS_DEPLOYMENT_TARGET = 16.1;
				MTL_ENABLE_DEBUG_INFO = NO;
				MTL_FAST_MATH = YES;
				SDKROOT = iphoneos;
				SWIFT_COMPILATION_MODE = wholemodule;
				SWIFT_OPTIMIZATION_LEVEL = "-O";
				VALIDATE_PRODUCT = YES;
			};
			name = Release;
		};
		4E93D0632970CB3500349128 /* Debug */ = {
			isa = XCBuildConfiguration;
			buildSettings = {
				ASSETCATALOG_COMPILER_APPICON_NAME = AppIcon;
				ASSETCATALOG_COMPILER_GLOBAL_ACCENT_COLOR_NAME = AccentColor;
				CODE_SIGN_STYLE = Automatic;
				CURRENT_PROJECT_VERSION = 1;
				DEVELOPMENT_ASSET_PATHS = "\"heft/Preview Content\"";
				DEVELOPMENT_TEAM = J566499KXW;
				ENABLE_PREVIEWS = YES;
				GENERATE_INFOPLIST_FILE = YES;
				INFOPLIST_KEY_UIApplicationSceneManifest_Generation = YES;
				INFOPLIST_KEY_UIApplicationSupportsIndirectInputEvents = YES;
				INFOPLIST_KEY_UILaunchScreen_Generation = YES;
				INFOPLIST_KEY_UISupportedInterfaceOrientations_iPad = "UIInterfaceOrientationPortrait UIInterfaceOrientationPortraitUpsideDown UIInterfaceOrientationLandscapeLeft UIInterfaceOrientationLandscapeRight";
				INFOPLIST_KEY_UISupportedInterfaceOrientations_iPhone = "UIInterfaceOrientationPortrait UIInterfaceOrientationLandscapeLeft UIInterfaceOrientationLandscapeRight";
				IPHONEOS_DEPLOYMENT_TARGET = 16.0;
				LD_RUNPATH_SEARCH_PATHS = (
					"$(inherited)",
					"@executable_path/Frameworks",
				);
				MARKETING_VERSION = 1.0;
				PRODUCT_BUNDLE_IDENTIFIER = io.gomma.heft;
				PRODUCT_NAME = "$(TARGET_NAME)";
				SWIFT_EMIT_LOC_STRINGS = YES;
				SWIFT_VERSION = 5.0;
				TARGETED_DEVICE_FAMILY = "1,2";
			};
			name = Debug;
		};
		4E93D0642970CB3500349128 /* Release */ = {
			isa = XCBuildConfiguration;
			buildSettings = {
				ASSETCATALOG_COMPILER_APPICON_NAME = AppIcon;
				ASSETCATALOG_COMPILER_GLOBAL_ACCENT_COLOR_NAME = AccentColor;
				CODE_SIGN_STYLE = Automatic;
				CURRENT_PROJECT_VERSION = 1;
				DEVELOPMENT_ASSET_PATHS = "\"heft/Preview Content\"";
				DEVELOPMENT_TEAM = J566499KXW;
				ENABLE_PREVIEWS = YES;
				GENERATE_INFOPLIST_FILE = YES;
				INFOPLIST_KEY_UIApplicationSceneManifest_Generation = YES;
				INFOPLIST_KEY_UIApplicationSupportsIndirectInputEvents = YES;
				INFOPLIST_KEY_UILaunchScreen_Generation = YES;
				INFOPLIST_KEY_UISupportedInterfaceOrientations_iPad = "UIInterfaceOrientationPortrait UIInterfaceOrientationPortraitUpsideDown UIInterfaceOrientationLandscapeLeft UIInterfaceOrientationLandscapeRight";
				INFOPLIST_KEY_UISupportedInterfaceOrientations_iPhone = "UIInterfaceOrientationPortrait UIInterfaceOrientationLandscapeLeft UIInterfaceOrientationLandscapeRight";
				IPHONEOS_DEPLOYMENT_TARGET = 16.0;
				LD_RUNPATH_SEARCH_PATHS = (
					"$(inherited)",
					"@executable_path/Frameworks",
				);
				MARKETING_VERSION = 1.0;
				PRODUCT_BUNDLE_IDENTIFIER = io.gomma.heft;
				PRODUCT_NAME = "$(TARGET_NAME)";
				SWIFT_EMIT_LOC_STRINGS = YES;
				SWIFT_VERSION = 5.0;
				TARGETED_DEVICE_FAMILY = "1,2";
			};
			name = Release;
		};
/* End XCBuildConfiguration section */

/* Begin XCConfigurationList section */
		4E93D04F2970CB3400349128 /* Build configuration list for PBXProject "heft" */ = {
			isa = XCConfigurationList;
			buildConfigurations = (
				4E93D0602970CB3500349128 /* Debug */,
				4E93D0612970CB3500349128 /* Release */,
			);
			defaultConfigurationIsVisible = 0;
			defaultConfigurationName = Release;
		};
		4E93D0622970CB3500349128 /* Build configuration list for PBXNativeTarget "heft" */ = {
			isa = XCConfigurationList;
			buildConfigurations = (
				4E93D0632970CB3500349128 /* Debug */,
				4E93D0642970CB3500349128 /* Release */,
			);
			defaultConfigurationIsVisible = 0;
			defaultConfigurationName = Release;
		};
/* End XCConfigurationList section */

/* Begin XCVersionGroup section */
		D9A7A24329811B450037B61C /* Heft.xcdatamodeld */ = {
			isa = XCVersionGroup;
			children = (
				D9A7A24429811B450037B61C /* Heft.xcdatamodel */,
			);
			currentVersion = D9A7A24429811B450037B61C /* Heft.xcdatamodel */;
			path = Heft.xcdatamodeld;
			sourceTree = "<group>";
			versionGroupType = wrapper.xcdatamodel;
		};
/* End XCVersionGroup section */
	};
	rootObject = 4E93D04C2970CB3400349128 /* Project object */;
}
